// !$*UTF8*$!
{
	archiveVersion = 1;
	classes = {
	};
	objectVersion = 54;
	objects = {

/* Begin PBXBuildFile section */
		F3BFB86A282C0FD9006F1D52 /* RtcBasic in Frameworks */ = {isa = PBXBuildFile; productRef = F3BFB869282C0FD9006F1D52 /* RtcBasic */; };
		F3C9DBA12683989100114DF2 /* AppDelegate.swift in Sources */ = {isa = PBXBuildFile; fileRef = F3C9DBA02683989100114DF2 /* AppDelegate.swift */; };
		F3C9DBA32683989100114DF2 /* SceneDelegate.swift in Sources */ = {isa = PBXBuildFile; fileRef = F3C9DBA22683989100114DF2 /* SceneDelegate.swift */; };
		F3C9DBA52683989100114DF2 /* ViewController.swift in Sources */ = {isa = PBXBuildFile; fileRef = F3C9DBA42683989100114DF2 /* ViewController.swift */; };
		F3C9DBA82683989100114DF2 /* Main.storyboard in Resources */ = {isa = PBXBuildFile; fileRef = F3C9DBA62683989100114DF2 /* Main.storyboard */; };
		F3C9DBAA2683989200114DF2 /* Assets.xcassets in Resources */ = {isa = PBXBuildFile; fileRef = F3C9DBA92683989200114DF2 /* Assets.xcassets */; };
		F3C9DBAD2683989200114DF2 /* LaunchScreen.storyboard in Resources */ = {isa = PBXBuildFile; fileRef = F3C9DBAB2683989200114DF2 /* LaunchScreen.storyboard */; };
		F3EA928828FA0A3B00AD749C /* SpatialAudio in Frameworks */ = {isa = PBXBuildFile; productRef = F3EA928728FA0A3B00AD749C /* SpatialAudio */; };
/* End PBXBuildFile section */

/* Begin PBXFileReference section */
		F336534F2768BE45000022AC /* SDK-Example.entitlements */ = {isa = PBXFileReference; lastKnownFileType = text.plist.entitlements; path = "SDK-Example.entitlements"; sourceTree = "<group>"; };
		F3C9DB9D2683989100114DF2 /* Agora_SDK-Example.app */ = {isa = PBXFileReference; explicitFileType = wrapper.application; includeInIndex = 0; path = "Agora_SDK-Example.app"; sourceTree = BUILT_PRODUCTS_DIR; };
		F3C9DBA02683989100114DF2 /* AppDelegate.swift */ = {isa = PBXFileReference; lastKnownFileType = sourcecode.swift; path = AppDelegate.swift; sourceTree = "<group>"; };
		F3C9DBA22683989100114DF2 /* SceneDelegate.swift */ = {isa = PBXFileReference; lastKnownFileType = sourcecode.swift; path = SceneDelegate.swift; sourceTree = "<group>"; };
		F3C9DBA42683989100114DF2 /* ViewController.swift */ = {isa = PBXFileReference; lastKnownFileType = sourcecode.swift; path = ViewController.swift; sourceTree = "<group>"; };
		F3C9DBA72683989100114DF2 /* Base */ = {isa = PBXFileReference; lastKnownFileType = file.storyboard; name = Base; path = Base.lproj/Main.storyboard; sourceTree = "<group>"; };
		F3C9DBA92683989200114DF2 /* Assets.xcassets */ = {isa = PBXFileReference; lastKnownFileType = folder.assetcatalog; path = Assets.xcassets; sourceTree = "<group>"; };
		F3C9DBAC2683989200114DF2 /* Base */ = {isa = PBXFileReference; lastKnownFileType = file.storyboard; name = Base; path = Base.lproj/LaunchScreen.storyboard; sourceTree = "<group>"; };
		F3C9DBAE2683989200114DF2 /* Info.plist */ = {isa = PBXFileReference; lastKnownFileType = text.plist.xml; path = Info.plist; sourceTree = "<group>"; };
/* End PBXFileReference section */

/* Begin PBXFrameworksBuildPhase section */
		F3C9DB9A2683989100114DF2 /* Frameworks */ = {
			isa = PBXFrameworksBuildPhase;
			buildActionMask = 2147483647;
			files = (
				F3EA928828FA0A3B00AD749C /* SpatialAudio in Frameworks */,
				F3BFB86A282C0FD9006F1D52 /* RtcBasic in Frameworks */,
			);
			runOnlyForDeploymentPostprocessing = 0;
		};
/* End PBXFrameworksBuildPhase section */

/* Begin PBXGroup section */
		F3C9DB942683989100114DF2 = {
			isa = PBXGroup;
			children = (
				F3C9DB9F2683989100114DF2 /* Agora_SDK-Example */,
				F3C9DB9E2683989100114DF2 /* Products */,
				F3EA928428FA0A2900AD749C /* Frameworks */,
			);
			sourceTree = "<group>";
		};
		F3C9DB9E2683989100114DF2 /* Products */ = {
			isa = PBXGroup;
			children = (
				F3C9DB9D2683989100114DF2 /* Agora_SDK-Example.app */,
			);
			name = Products;
			sourceTree = "<group>";
		};
		F3C9DB9F2683989100114DF2 /* Agora_SDK-Example */ = {
			isa = PBXGroup;
			children = (
				F3C9DBA02683989100114DF2 /* AppDelegate.swift */,
				F3C9DBA22683989100114DF2 /* SceneDelegate.swift */,
				F3C9DBA42683989100114DF2 /* ViewController.swift */,
				F3C9DBA62683989100114DF2 /* Main.storyboard */,
				F3C9DBA92683989200114DF2 /* Assets.xcassets */,
				F3C9DBAB2683989200114DF2 /* LaunchScreen.storyboard */,
				F3C9DBAE2683989200114DF2 /* Info.plist */,
				F336534F2768BE45000022AC /* SDK-Example.entitlements */,
			);
			path = "Agora_SDK-Example";
			sourceTree = "<group>";
		};
		F3EA928428FA0A2900AD749C /* Frameworks */ = {
			isa = PBXGroup;
			children = (
			);
			name = Frameworks;
			sourceTree = "<group>";
		};
/* End PBXGroup section */

/* Begin PBXNativeTarget section */
		F3C9DB9C2683989100114DF2 /* Agora_SDK-Example */ = {
			isa = PBXNativeTarget;
			buildConfigurationList = F3C9DBB12683989200114DF2 /* Build configuration list for PBXNativeTarget "Agora_SDK-Example" */;
			buildPhases = (
				F3C9DB992683989100114DF2 /* Sources */,
				F3C9DB9A2683989100114DF2 /* Frameworks */,
				F3C9DB9B2683989100114DF2 /* Resources */,
			);
			buildRules = (
			);
			dependencies = (
			);
			name = "Agora_SDK-Example";
			packageProductDependencies = (
				F3BFB869282C0FD9006F1D52 /* RtcBasic */,
				F3EA928728FA0A3B00AD749C /* SpatialAudio */,
			);
			productName = "Agora_SDK-Example";
			productReference = F3C9DB9D2683989100114DF2 /* Agora_SDK-Example.app */;
			productType = "com.apple.product-type.application";
		};
/* End PBXNativeTarget section */

/* Begin PBXProject section */
		F3C9DB952683989100114DF2 /* Project object */ = {
			isa = PBXProject;
			attributes = {
				LastSwiftUpdateCheck = 1250;
				LastUpgradeCheck = 1250;
				TargetAttributes = {
					F3C9DB9C2683989100114DF2 = {
						CreatedOnToolsVersion = 12.5.1;
					};
				};
			};
			buildConfigurationList = F3C9DB982683989100114DF2 /* Build configuration list for PBXProject "Agora_SDK-Example" */;
			compatibilityVersion = "Xcode 9.3";
			developmentRegion = en;
			hasScannedForEncodings = 0;
			knownRegions = (
				en,
				Base,
			);
			mainGroup = F3C9DB942683989100114DF2;
			packageReferences = (
				F3BFB868282C0FD9006F1D52 /* XCRemoteSwiftPackageReference "AgoraRtcEngine_iOS" */,
			);
			productRefGroup = F3C9DB9E2683989100114DF2 /* Products */;
			projectDirPath = "";
			projectRoot = "";
			targets = (
				F3C9DB9C2683989100114DF2 /* Agora_SDK-Example */,
			);
		};
/* End PBXProject section */

/* Begin PBXResourcesBuildPhase section */
		F3C9DB9B2683989100114DF2 /* Resources */ = {
			isa = PBXResourcesBuildPhase;
			buildActionMask = 2147483647;
			files = (
				F3C9DBAD2683989200114DF2 /* LaunchScreen.storyboard in Resources */,
				F3C9DBAA2683989200114DF2 /* Assets.xcassets in Resources */,
				F3C9DBA82683989100114DF2 /* Main.storyboard in Resources */,
			);
			runOnlyForDeploymentPostprocessing = 0;
		};
/* End PBXResourcesBuildPhase section */

/* Begin PBXSourcesBuildPhase section */
		F3C9DB992683989100114DF2 /* Sources */ = {
			isa = PBXSourcesBuildPhase;
			buildActionMask = 2147483647;
			files = (
				F3C9DBA52683989100114DF2 /* ViewController.swift in Sources */,
				F3C9DBA12683989100114DF2 /* AppDelegate.swift in Sources */,
				F3C9DBA32683989100114DF2 /* SceneDelegate.swift in Sources */,
			);
			runOnlyForDeploymentPostprocessing = 0;
		};
/* End PBXSourcesBuildPhase section */

/* Begin PBXVariantGroup section */
		F3C9DBA62683989100114DF2 /* Main.storyboard */ = {
			isa = PBXVariantGroup;
			children = (
				F3C9DBA72683989100114DF2 /* Base */,
			);
			name = Main.storyboard;
			sourceTree = "<group>";
		};
		F3C9DBAB2683989200114DF2 /* LaunchScreen.storyboard */ = {
			isa = PBXVariantGroup;
			children = (
				F3C9DBAC2683989200114DF2 /* Base */,
			);
			name = LaunchScreen.storyboard;
			sourceTree = "<group>";
		};
/* End PBXVariantGroup section */

/* Begin XCBuildConfiguration section */
		F3C9DBAF2683989200114DF2 /* Debug */ = {
			isa = XCBuildConfiguration;
			buildSettings = {
				ALWAYS_SEARCH_USER_PATHS = NO;
				CLANG_ANALYZER_NONNULL = YES;
				CLANG_ANALYZER_NUMBER_OBJECT_CONVERSION = YES_AGGRESSIVE;
				CLANG_CXX_LANGUAGE_STANDARD = "gnu++14";
				CLANG_CXX_LIBRARY = "libc++";
				CLANG_ENABLE_MODULES = YES;
				CLANG_ENABLE_OBJC_ARC = YES;
				CLANG_ENABLE_OBJC_WEAK = YES;
				CLANG_WARN_BLOCK_CAPTURE_AUTORELEASING = YES;
				CLANG_WARN_BOOL_CONVERSION = YES;
				CLANG_WARN_COMMA = YES;
				CLANG_WARN_CONSTANT_CONVERSION = YES;
				CLANG_WARN_DEPRECATED_OBJC_IMPLEMENTATIONS = YES;
				CLANG_WARN_DIRECT_OBJC_ISA_USAGE = YES_ERROR;
				CLANG_WARN_DOCUMENTATION_COMMENTS = YES;
				CLANG_WARN_EMPTY_BODY = YES;
				CLANG_WARN_ENUM_CONVERSION = YES;
				CLANG_WARN_INFINITE_RECURSION = YES;
				CLANG_WARN_INT_CONVERSION = YES;
				CLANG_WARN_NON_LITERAL_NULL_CONVERSION = YES;
				CLANG_WARN_OBJC_IMPLICIT_RETAIN_SELF = YES;
				CLANG_WARN_OBJC_LITERAL_CONVERSION = YES;
				CLANG_WARN_OBJC_ROOT_CLASS = YES_ERROR;
				CLANG_WARN_QUOTED_INCLUDE_IN_FRAMEWORK_HEADER = YES;
				CLANG_WARN_RANGE_LOOP_ANALYSIS = YES;
				CLANG_WARN_STRICT_PROTOTYPES = YES;
				CLANG_WARN_SUSPICIOUS_MOVE = YES;
				CLANG_WARN_UNGUARDED_AVAILABILITY = YES_AGGRESSIVE;
				CLANG_WARN_UNREACHABLE_CODE = YES;
				CLANG_WARN__DUPLICATE_METHOD_MATCH = YES;
				COPY_PHASE_STRIP = NO;
				DEBUG_INFORMATION_FORMAT = dwarf;
				ENABLE_STRICT_OBJC_MSGSEND = YES;
				ENABLE_TESTABILITY = YES;
				GCC_C_LANGUAGE_STANDARD = gnu11;
				GCC_DYNAMIC_NO_PIC = NO;
				GCC_NO_COMMON_BLOCKS = YES;
				GCC_OPTIMIZATION_LEVEL = 0;
				GCC_PREPROCESSOR_DEFINITIONS = (
					"DEBUG=1",
					"$(inherited)",
				);
				GCC_WARN_64_TO_32_BIT_CONVERSION = YES;
				GCC_WARN_ABOUT_RETURN_TYPE = YES_ERROR;
				GCC_WARN_UNDECLARED_SELECTOR = YES;
				GCC_WARN_UNINITIALIZED_AUTOS = YES_AGGRESSIVE;
				GCC_WARN_UNUSED_FUNCTION = YES;
				GCC_WARN_UNUSED_VARIABLE = YES;
				IPHONEOS_DEPLOYMENT_TARGET = 14.5;
				MTL_ENABLE_DEBUG_INFO = INCLUDE_SOURCE;
				MTL_FAST_MATH = YES;
				ONLY_ACTIVE_ARCH = YES;
				SDKROOT = iphoneos;
				SWIFT_ACTIVE_COMPILATION_CONDITIONS = DEBUG;
				SWIFT_OPTIMIZATION_LEVEL = "-Onone";
			};
			name = Debug;
		};
		F3C9DBB02683989200114DF2 /* Release */ = {
			isa = XCBuildConfiguration;
			buildSettings = {
				ALWAYS_SEARCH_USER_PATHS = NO;
				CLANG_ANALYZER_NONNULL = YES;
				CLANG_ANALYZER_NUMBER_OBJECT_CONVERSION = YES_AGGRESSIVE;
				CLANG_CXX_LANGUAGE_STANDARD = "gnu++14";
				CLANG_CXX_LIBRARY = "libc++";
				CLANG_ENABLE_MODULES = YES;
				CLANG_ENABLE_OBJC_ARC = YES;
				CLANG_ENABLE_OBJC_WEAK = YES;
				CLANG_WARN_BLOCK_CAPTURE_AUTORELEASING = YES;
				CLANG_WARN_BOOL_CONVERSION = YES;
				CLANG_WARN_COMMA = YES;
				CLANG_WARN_CONSTANT_CONVERSION = YES;
				CLANG_WARN_DEPRECATED_OBJC_IMPLEMENTATIONS = YES;
				CLANG_WARN_DIRECT_OBJC_ISA_USAGE = YES_ERROR;
				CLANG_WARN_DOCUMENTATION_COMMENTS = YES;
				CLANG_WARN_EMPTY_BODY = YES;
				CLANG_WARN_ENUM_CONVERSION = YES;
				CLANG_WARN_INFINITE_RECURSION = YES;
				CLANG_WARN_INT_CONVERSION = YES;
				CLANG_WARN_NON_LITERAL_NULL_CONVERSION = YES;
				CLANG_WARN_OBJC_IMPLICIT_RETAIN_SELF = YES;
				CLANG_WARN_OBJC_LITERAL_CONVERSION = YES;
				CLANG_WARN_OBJC_ROOT_CLASS = YES_ERROR;
				CLANG_WARN_QUOTED_INCLUDE_IN_FRAMEWORK_HEADER = YES;
				CLANG_WARN_RANGE_LOOP_ANALYSIS = YES;
				CLANG_WARN_STRICT_PROTOTYPES = YES;
				CLANG_WARN_SUSPICIOUS_MOVE = YES;
				CLANG_WARN_UNGUARDED_AVAILABILITY = YES_AGGRESSIVE;
				CLANG_WARN_UNREACHABLE_CODE = YES;
				CLANG_WARN__DUPLICATE_METHOD_MATCH = YES;
				COPY_PHASE_STRIP = NO;
				DEBUG_INFORMATION_FORMAT = "dwarf-with-dsym";
				ENABLE_NS_ASSERTIONS = NO;
				ENABLE_STRICT_OBJC_MSGSEND = YES;
				GCC_C_LANGUAGE_STANDARD = gnu11;
				GCC_NO_COMMON_BLOCKS = YES;
				GCC_WARN_64_TO_32_BIT_CONVERSION = YES;
				GCC_WARN_ABOUT_RETURN_TYPE = YES_ERROR;
				GCC_WARN_UNDECLARED_SELECTOR = YES;
				GCC_WARN_UNINITIALIZED_AUTOS = YES_AGGRESSIVE;
				GCC_WARN_UNUSED_FUNCTION = YES;
				GCC_WARN_UNUSED_VARIABLE = YES;
				IPHONEOS_DEPLOYMENT_TARGET = 14.5;
				MTL_ENABLE_DEBUG_INFO = NO;
				MTL_FAST_MATH = YES;
				SDKROOT = iphoneos;
				SWIFT_COMPILATION_MODE = wholemodule;
				SWIFT_OPTIMIZATION_LEVEL = "-O";
				VALIDATE_PRODUCT = YES;
			};
			name = Release;
		};
		F3C9DBB22683989200114DF2 /* Debug */ = {
			isa = XCBuildConfiguration;
			buildSettings = {
				ASSETCATALOG_COMPILER_APPICON_NAME = AppIcon;
				ASSETCATALOG_COMPILER_GLOBAL_ACCENT_COLOR_NAME = AccentColor;
				CODE_SIGN_STYLE = Automatic;
				DEVELOPMENT_TEAM = WC65ELHV6C;
				INFOPLIST_FILE = "Agora_SDK-Example/Info.plist";
				IPHONEOS_DEPLOYMENT_TARGET = 15.0;
				LD_RUNPATH_SEARCH_PATHS = (
					"$(inherited)",
					"@executable_path/Frameworks",
				);
				PRODUCT_BUNDLE_IDENTIFIER = "uk.rocketar.Agora-SDK-Example";
				PRODUCT_NAME = "$(TARGET_NAME)";
				SWIFT_VERSION = 5.0;
				TARGETED_DEVICE_FAMILY = "1,2";
			};
			name = Debug;
		};
		F3C9DBB32683989200114DF2 /* Release */ = {
			isa = XCBuildConfiguration;
			buildSettings = {
				ASSETCATALOG_COMPILER_APPICON_NAME = AppIcon;
				ASSETCATALOG_COMPILER_GLOBAL_ACCENT_COLOR_NAME = AccentColor;
				CODE_SIGN_STYLE = Automatic;
				DEVELOPMENT_TEAM = WC65ELHV6C;
				INFOPLIST_FILE = "Agora_SDK-Example/Info.plist";
				IPHONEOS_DEPLOYMENT_TARGET = 15.0;
				LD_RUNPATH_SEARCH_PATHS = (
					"$(inherited)",
					"@executable_path/Frameworks",
				);
				PRODUCT_BUNDLE_IDENTIFIER = "uk.rocketar.Agora-SDK-Example";
				PRODUCT_NAME = "$(TARGET_NAME)";
				SWIFT_VERSION = 5.0;
				TARGETED_DEVICE_FAMILY = "1,2";
			};
			name = Release;
		};
/* End XCBuildConfiguration section */

/* Begin XCConfigurationList section */
		F3C9DB982683989100114DF2 /* Build configuration list for PBXProject "Agora_SDK-Example" */ = {
			isa = XCConfigurationList;
			buildConfigurations = (
				F3C9DBAF2683989200114DF2 /* Debug */,
				F3C9DBB02683989200114DF2 /* Release */,
			);
			defaultConfigurationIsVisible = 0;
			defaultConfigurationName = Release;
		};
		F3C9DBB12683989200114DF2 /* Build configuration list for PBXNativeTarget "Agora_SDK-Example" */ = {
			isa = XCConfigurationList;
			buildConfigurations = (
				F3C9DBB22683989200114DF2 /* Debug */,
				F3C9DBB32683989200114DF2 /* Release */,
			);
			defaultConfigurationIsVisible = 0;
			defaultConfigurationName = Release;
		};
/* End XCConfigurationList section */

/* Begin XCRemoteSwiftPackageReference section */
		F3BFB868282C0FD9006F1D52 /* XCRemoteSwiftPackageReference "AgoraRtcEngine_iOS" */ = {
			isa = XCRemoteSwiftPackageReference;
			repositoryURL = "https://github.com/AgoraIO/AgoraRtcEngine_iOS.git";
			requirement = {
				kind = upToNextMajorVersion;
				minimumVersion = 4.0.0;
			};
		};
/* End XCRemoteSwiftPackageReference section */

/* Begin XCSwiftPackageProductDependency section */
		F3BFB869282C0FD9006F1D52 /* RtcBasic */ = {
			isa = XCSwiftPackageProductDependency;
			package = F3BFB868282C0FD9006F1D52 /* XCRemoteSwiftPackageReference "AgoraRtcEngine_iOS" */;
			productName = RtcBasic;
		};
		F3EA928728FA0A3B00AD749C /* SpatialAudio */ = {
			isa = XCSwiftPackageProductDependency;
			package = F3BFB868282C0FD9006F1D52 /* XCRemoteSwiftPackageReference "AgoraRtcEngine_iOS" */;
			productName = SpatialAudio;
		};
/* End XCSwiftPackageProductDependency section */
	};
	rootObject = F3C9DB952683989100114DF2 /* Project object */;
}
